%{"random_bytes": {:hex, :random_bytes, "1.0.0", "69258cad0aa5a0f2390912eb1e749781dbb9c75626308decf99113ccdec376dd", [], [], "hexpm"},
  "slugger": {:hex, :slugger, "0.2.0", "7c609e6eee6dbb44e7b0db07982932356cab476f00fc8d73320cdc50d7efa18e", [], [], "hexpm"},
  "social_parser": {:hex, :social_parser, "1.1.0", "d1a6e84a0d50c6dec9897c4c641c1e6af8ff4802f8003b4203ba8dbc96c7a9df", [], [], "hexpm"}}
